
Microsoft Visual Studio Solution File, Format Version 12.00
# Visual Studio Version 16
VisualStudioVersion = 16.0.31321.278
MinimumVisualStudioVersion = 10.0.40219.1
Project("{FAE04EC0-301F-11D3-BF4B-00C04F79EFBC}") = "Coffee Shop", "Coffee Shop\Coffee Shop.csproj", "{990FDA9A-333F-42C1-A633-07A8156E9D2A}"
EndProject
Global
	GlobalSection(SolutionConfigurationPlatforms) = preSolution
		Debug|Any CPU = Debug|Any CPU
		Release|Any CPU = Release|Any CPU
	EndGlobalSection
	GlobalSection(ProjectConfigurationPlatforms) = postSolution
		{990FDA9A-333F-42C1-A633-07A8156E9D2A}.Debug|Any CPU.ActiveCfg = Debug|Any CPU
		{990FDA9A-333F-42C1-A633-07A8156E9D2A}.Debug|Any CPU.Build.0 = Debug|Any CPU
		{990FDA9A-333F-42C1-A633-07A8156E9D2A}.Release|Any CPU.ActiveCfg = Release|Any CPU
		{990FDA9A-333F-42C1-A633-07A8156E9D2A}.Release|Any CPU.Build.0 = Release|Any CPU
	EndGlobalSection
	GlobalSection(SolutionProperties) = preSolution
		HideSolutionNode = FALSE
	EndGlobalSection
	GlobalSection(ExtensibilityGlobals) = postSolution
		SolutionGuid = {2FE29A8F-0BF0-48ED-A375-FB21374974D8}
	EndGlobalSection
EndGlobal
